
Microsoft Visual Studio Solution File, Format Version 11.00
# Visual Studio 2010
Project("{FAE04EC0-301F-11D3-BF4B-00C04F79EFBC}") = "Text", "Assembly-CSharp.csproj", "{00097CBA-73A9-AC19-DE77-54F44EA86EE4}"
EndProject
Project("{FAE04EC0-301F-11D3-BF4B-00C04F79EFBC}") = "Text", "Assembly-CSharp-firstpass.csproj", "{98EA3858-ED51-C15D-F798-9DF5D4075666}"
EndProject
Project("{FAE04EC0-301F-11D3-BF4B-00C04F79EFBC}") = "Text", "Assembly-CSharp-Editor-firstpass.csproj", "{07B8CBC1-D42A-5094-B28E-81409A50C9F6}"
EndProject
Global
	GlobalSection(SolutionConfigurationPlatforms) = preSolution
		Debug|Any CPU = Debug|Any CPU
		Release|Any CPU = Release|Any CPU
	EndGlobalSection
	GlobalSection(ProjectConfigurationPlatforms) = postSolution
		{00097CBA-73A9-AC19-DE77-54F44EA86EE4}.Debug|Any CPU.ActiveCfg = Debug|Any CPU
		{00097CBA-73A9-AC19-DE77-54F44EA86EE4}.Debug|Any CPU.Build.0 = Debug|Any CPU
		{00097CBA-73A9-AC19-DE77-54F44EA86EE4}.Release|Any CPU.ActiveCfg = Release|Any CPU
		{00097CBA-73A9-AC19-DE77-54F44EA86EE4}.Release|Any CPU.Build.0 = Release|Any CPU
		{98EA3858-ED51-C15D-F798-9DF5D4075666}.Debug|Any CPU.ActiveCfg = Debug|Any CPU
		{98EA3858-ED51-C15D-F798-9DF5D4075666}.Debug|Any CPU.Build.0 = Debug|Any CPU
		{98EA3858-ED51-C15D-F798-9DF5D4075666}.Release|Any CPU.ActiveCfg = Release|Any CPU
		{98EA3858-ED51-C15D-F798-9DF5D4075666}.Release|Any CPU.Build.0 = Release|Any CPU
		{07B8CBC1-D42A-5094-B28E-81409A50C9F6}.Debug|Any CPU.ActiveCfg = Debug|Any CPU
		{07B8CBC1-D42A-5094-B28E-81409A50C9F6}.Debug|Any CPU.Build.0 = Debug|Any CPU
		{07B8CBC1-D42A-5094-B28E-81409A50C9F6}.Release|Any CPU.ActiveCfg = Release|Any CPU
		{07B8CBC1-D42A-5094-B28E-81409A50C9F6}.Release|Any CPU.Build.0 = Release|Any CPU
	EndGlobalSection
	GlobalSection(SolutionProperties) = preSolution
		HideSolutionNode = FALSE
	EndGlobalSection
	GlobalSection(MonoDevelopProperties) = preSolution
		StartupItem = Assembly-CSharp.csproj
	EndGlobalSection
EndGlobal
